# This file is autogenerated, do not edit; changes may be undone by the next 'dep ensure'.


[[projects]]
  branch = "master"
  name = "github.com/golang/protobuf"
  packages = ["jsonpb","proto","protoc-gen-go/descriptor","protoc-gen-go/plugin","ptypes/any","ptypes/duration","ptypes/empty","ptypes/struct","ptypes/timestamp","ptypes/wrappers"]
  revision = "130e6b02ab059e7b717a096f397c5b60111cae74"

[[projects]]
  branch = "master"
  name = "github.com/jhump/protoreflect"
  packages = ["desc","desc/protoparse","dynamic","internal"]
  revision = "8083885e1b19048ab0cd2b12dae8405050864ff1"

[[projects]]
  branch = "master"
  name = "google.golang.org/genproto"
  packages = ["protobuf/api","protobuf/field_mask","protobuf/ptype","protobuf/source_context"]
  revision = "f676e0f3ac6395ff1a529ae59a6670878a8371a6"

[solve-meta]
  analyzer-name = "dep"
  analyzer-version = 1
  inputs-digest = "3590631d14e87cfc52cec1520aafa464e9bff8d3f6fab3d651af0d32446d6757"
  solver-name = "gps-cdcl"
  solver-version = 1
